
Microsoft Visual Studio Solution File, Format Version 12.00
# Visual Studio Version 17
VisualStudioVersion = 17.13.35806.99 d17.13
MinimumVisualStudioVersion = 10.0.40219.1
Project("{FAE04EC0-301F-11D3-BF4B-00C04F79EFBC}") = "CapaPresentacion", "CapaPresentacion\CapaPresentacion.csproj", "{EA9E5DD6-8DF0-46FC-95F5-9219BEB938B4}"
EndProject
Project("{FAE04EC0-301F-11D3-BF4B-00C04F79EFBC}") = "CapaEntidad", "CapaEntidad\CapaEntidad.csproj", "{FDD92282-1397-4C72-BCC0-870307756DAC}"
EndProject
Project("{FAE04EC0-301F-11D3-BF4B-00C04F79EFBC}") = "CapaNegocio", "CapaNegocio\CapaNegocio.csproj", "{707F8CB4-0E66-4AA0-AC89-10463F9FD671}"
EndProject
Project("{FAE04EC0-301F-11D3-BF4B-00C04F79EFBC}") = "CapaDatos", "CapaDatos\CapaDatos.csproj", "{9EA5B44C-FAAC-4161-8A7F-D1CD2C42A31B}"
EndProject
Global
	GlobalSection(SolutionConfigurationPlatforms) = preSolution
		Debug|Any CPU = Debug|Any CPU
		Release|Any CPU = Release|Any CPU
	EndGlobalSection
	GlobalSection(ProjectConfigurationPlatforms) = postSolution
		{EA9E5DD6-8DF0-46FC-95F5-9219BEB938B4}.Debug|Any CPU.ActiveCfg = Debug|Any CPU
		{EA9E5DD6-8DF0-46FC-95F5-9219BEB938B4}.Debug|Any CPU.Build.0 = Debug|Any CPU
		{EA9E5DD6-8DF0-46FC-95F5-9219BEB938B4}.Release|Any CPU.ActiveCfg = Release|Any CPU
		{EA9E5DD6-8DF0-46FC-95F5-9219BEB938B4}.Release|Any CPU.Build.0 = Release|Any CPU
		{FDD92282-1397-4C72-BCC0-870307756DAC}.Debug|Any CPU.ActiveCfg = Debug|Any CPU
		{FDD92282-1397-4C72-BCC0-870307756DAC}.Debug|Any CPU.Build.0 = Debug|Any CPU
		{FDD92282-1397-4C72-BCC0-870307756DAC}.Release|Any CPU.ActiveCfg = Release|Any CPU
		{FDD92282-1397-4C72-BCC0-870307756DAC}.Release|Any CPU.Build.0 = Release|Any CPU
		{707F8CB4-0E66-4AA0-AC89-10463F9FD671}.Debug|Any CPU.ActiveCfg = Debug|Any CPU
		{707F8CB4-0E66-4AA0-AC89-10463F9FD671}.Debug|Any CPU.Build.0 = Debug|Any CPU
		{707F8CB4-0E66-4AA0-AC89-10463F9FD671}.Release|Any CPU.ActiveCfg = Release|Any CPU
		{707F8CB4-0E66-4AA0-AC89-10463F9FD671}.Release|Any CPU.Build.0 = Release|Any CPU
		{9EA5B44C-FAAC-4161-8A7F-D1CD2C42A31B}.Debug|Any CPU.ActiveCfg = Debug|Any CPU
		{9EA5B44C-FAAC-4161-8A7F-D1CD2C42A31B}.Debug|Any CPU.Build.0 = Debug|Any CPU
		{9EA5B44C-FAAC-4161-8A7F-D1CD2C42A31B}.Release|Any CPU.ActiveCfg = Release|Any CPU
		{9EA5B44C-FAAC-4161-8A7F-D1CD2C42A31B}.Release|Any CPU.Build.0 = Release|Any CPU
	EndGlobalSection
	GlobalSection(SolutionProperties) = preSolution
		HideSolutionNode = FALSE
	EndGlobalSection
	GlobalSection(ExtensibilityGlobals) = postSolution
		SolutionGuid = {B3C21390-AE26-4DE8-B22E-43958DD034B2}
	EndGlobalSection
EndGlobal
